
Microsoft Visual Studio Solution File, Format Version 12.00
# Visual Studio Version 16
VisualStudioVersion = 16.0.29020.237
MinimumVisualStudioVersion = 10.0.40219.1
Project("{9A19103F-16F7-4668-BE54-9A1E7A4F7556}") = "FunctionalCSharp", "FunctionalCSharp.csproj", "{8DE490EA-62D2-4301-99FB-713D6441AAAD}"
EndProject
Global
	GlobalSection(SolutionConfigurationPlatforms) = preSolution
		Debug|Any CPU = Debug|Any CPU
		Release|Any CPU = Release|Any CPU
	EndGlobalSection
	GlobalSection(ProjectConfigurationPlatforms) = postSolution
		{8DE490EA-62D2-4301-99FB-713D6441AAAD}.Debug|Any CPU.ActiveCfg = Debug|Any CPU
		{8DE490EA-62D2-4301-99FB-713D6441AAAD}.Debug|Any CPU.Build.0 = Debug|Any CPU
		{8DE490EA-62D2-4301-99FB-713D6441AAAD}.Release|Any CPU.ActiveCfg = Release|Any CPU
		{8DE490EA-62D2-4301-99FB-713D6441AAAD}.Release|Any CPU.Build.0 = Release|Any CPU
	EndGlobalSection
	GlobalSection(SolutionProperties) = preSolution
		HideSolutionNode = FALSE
	EndGlobalSection
	GlobalSection(ExtensibilityGlobals) = postSolution
		SolutionGuid = {CC76F32B-C4C2-448B-8EAF-14C1B5FA0657}
	EndGlobalSection
EndGlobal
